// !$*UTF8*$!
{
	archiveVersion = 1;
	classes = {
	};
	objectVersion = 55;
	objects = {

/* Begin PBXBuildFile section */
		81E58039283FE4DF000BC152 /* AppDelegate.swift in Sources */ = {isa = PBXBuildFile; fileRef = 81E58038283FE4DF000BC152 /* AppDelegate.swift */; };
		81E5803B283FE4DF000BC152 /* SceneDelegate.swift in Sources */ = {isa = PBXBuildFile; fileRef = 81E5803A283FE4DF000BC152 /* SceneDelegate.swift */; };
		81E5803D283FE4DF000BC152 /* BookCabViewController.swift in Sources */ = {isa = PBXBuildFile; fileRef = 81E5803C283FE4DF000BC152 /* BookCabViewController.swift */; };
		81E58040283FE4DF000BC152 /* Main.storyboard in Resources */ = {isa = PBXBuildFile; fileRef = 81E5803E283FE4DF000BC152 /* Main.storyboard */; };
		81E58042283FE4E0000BC152 /* Assets.xcassets in Resources */ = {isa = PBXBuildFile; fileRef = 81E58041283FE4E0000BC152 /* Assets.xcassets */; };
		81E58045283FE4E0000BC152 /* LaunchScreen.storyboard in Resources */ = {isa = PBXBuildFile; fileRef = 81E58043283FE4E0000BC152 /* LaunchScreen.storyboard */; };
		81E58053283FE68E000BC152 /* sample.json in Resources */ = {isa = PBXBuildFile; fileRef = 81E58052283FE68E000BC152 /* sample.json */; };
		81E5805B283FE864000BC152 /* BookCabViewModel.swift in Sources */ = {isa = PBXBuildFile; fileRef = 81E5805A283FE864000BC152 /* BookCabViewModel.swift */; };
		81E5805E283FE9BA000BC152 /* Cab.swift in Sources */ = {isa = PBXBuildFile; fileRef = 81E5805D283FE9BA000BC152 /* Cab.swift */; };
		81E58061283FEE82000BC152 /* CustomError.swift in Sources */ = {isa = PBXBuildFile; fileRef = 81E58060283FEE82000BC152 /* CustomError.swift */; };
		81E58063283FF5C3000BC152 /* UIViewController.swift in Sources */ = {isa = PBXBuildFile; fileRef = 81E58062283FF5C3000BC152 /* UIViewController.swift */; };
		81E58065283FF8A7000BC152 /* Repository.swift in Sources */ = {isa = PBXBuildFile; fileRef = 81E58064283FF8A7000BC152 /* Repository.swift */; };
/* End PBXBuildFile section */

/* Begin PBXFileReference section */
		81E58035283FE4DF000BC152 /* RideCell.app */ = {isa = PBXFileReference; explicitFileType = wrapper.application; includeInIndex = 0; path = RideCell.app; sourceTree = BUILT_PRODUCTS_DIR; };
		81E58038283FE4DF000BC152 /* AppDelegate.swift */ = {isa = PBXFileReference; lastKnownFileType = sourcecode.swift; path = AppDelegate.swift; sourceTree = "<group>"; };
		81E5803A283FE4DF000BC152 /* SceneDelegate.swift */ = {isa = PBXFileReference; lastKnownFileType = sourcecode.swift; path = SceneDelegate.swift; sourceTree = "<group>"; };
		81E5803C283FE4DF000BC152 /* BookCabViewController.swift */ = {isa = PBXFileReference; lastKnownFileType = sourcecode.swift; path = BookCabViewController.swift; sourceTree = "<group>"; };
		81E5803F283FE4DF000BC152 /* Base */ = {isa = PBXFileReference; lastKnownFileType = file.storyboard; name = Base; path = Base.lproj/Main.storyboard; sourceTree = "<group>"; };
		81E58041283FE4E0000BC152 /* Assets.xcassets */ = {isa = PBXFileReference; lastKnownFileType = folder.assetcatalog; path = Assets.xcassets; sourceTree = "<group>"; };
		81E58044283FE4E0000BC152 /* Base */ = {isa = PBXFileReference; lastKnownFileType = file.storyboard; name = Base; path = Base.lproj/LaunchScreen.storyboard; sourceTree = "<group>"; };
		81E58046283FE4E0000BC152 /* Info.plist */ = {isa = PBXFileReference; lastKnownFileType = text.plist.xml; path = Info.plist; sourceTree = "<group>"; };
		81E58052283FE68E000BC152 /* sample.json */ = {isa = PBXFileReference; fileEncoding = 4; lastKnownFileType = text.json; path = sample.json; sourceTree = "<group>"; };
		81E5805A283FE864000BC152 /* BookCabViewModel.swift */ = {isa = PBXFileReference; lastKnownFileType = sourcecode.swift; path = BookCabViewModel.swift; sourceTree = "<group>"; };
		81E5805D283FE9BA000BC152 /* Cab.swift */ = {isa = PBXFileReference; lastKnownFileType = sourcecode.swift; path = Cab.swift; sourceTree = "<group>"; };
		81E58060283FEE82000BC152 /* CustomError.swift */ = {isa = PBXFileReference; lastKnownFileType = sourcecode.swift; path = CustomError.swift; sourceTree = "<group>"; };
		81E58062283FF5C3000BC152 /* UIViewController.swift */ = {isa = PBXFileReference; lastKnownFileType = sourcecode.swift; path = UIViewController.swift; sourceTree = "<group>"; };
		81E58064283FF8A7000BC152 /* Repository.swift */ = {isa = PBXFileReference; lastKnownFileType = sourcecode.swift; path = Repository.swift; sourceTree = "<group>"; };
/* End PBXFileReference section */

/* Begin PBXFrameworksBuildPhase section */
		81E58032283FE4DF000BC152 /* Frameworks */ = {
			isa = PBXFrameworksBuildPhase;
			buildActionMask = 2147483647;
			files = (
			);
			runOnlyForDeploymentPostprocessing = 0;
		};
/* End PBXFrameworksBuildPhase section */

/* Begin PBXGroup section */
		81E5802C283FE4DF000BC152 = {
			isa = PBXGroup;
			children = (
				81E58037283FE4DF000BC152 /* RideCell */,
				81E58036283FE4DF000BC152 /* Products */,
			);
			sourceTree = "<group>";
		};
		81E58036283FE4DF000BC152 /* Products */ = {
			isa = PBXGroup;
			children = (
				81E58035283FE4DF000BC152 /* RideCell.app */,
			);
			name = Products;
			sourceTree = "<group>";
		};
		81E58037283FE4DF000BC152 /* RideCell */ = {
			isa = PBXGroup;
			children = (
				81E58050283FE564000BC152 /* Common */,
				81E5804C283FE539000BC152 /* BookCab */,
				81E58041283FE4E0000BC152 /* Assets.xcassets */,
				81E58043283FE4E0000BC152 /* LaunchScreen.storyboard */,
				81E58046283FE4E0000BC152 /* Info.plist */,
			);
			path = RideCell;
			sourceTree = "<group>";
		};
		81E5804C283FE539000BC152 /* BookCab */ = {
			isa = PBXGroup;
			children = (
				81E58066283FF8ED000BC152 /* Repository */,
				81E58051283FE663000BC152 /* Resources */,
				81E5805F283FEE30000BC152 /* HelperClasses */,
				81E5805C283FE8B0000BC152 /* Model */,
				81E5804F283FE55C000BC152 /* Controller */,
				81E5804E283FE553000BC152 /* ViewModel */,
				81E5804D283FE549000BC152 /* View */,
			);
			path = BookCab;
			sourceTree = "<group>";
		};
		81E5804D283FE549000BC152 /* View */ = {
			isa = PBXGroup;
			children = (
				81E5803E283FE4DF000BC152 /* Main.storyboard */,
			);
			path = View;
			sourceTree = "<group>";
		};
		81E5804E283FE553000BC152 /* ViewModel */ = {
			isa = PBXGroup;
			children = (
				81E5805A283FE864000BC152 /* BookCabViewModel.swift */,
			);
			path = ViewModel;
			sourceTree = "<group>";
		};
		81E5804F283FE55C000BC152 /* Controller */ = {
			isa = PBXGroup;
			children = (
				81E5803C283FE4DF000BC152 /* BookCabViewController.swift */,
			);
			path = Controller;
			sourceTree = "<group>";
		};
		81E58050283FE564000BC152 /* Common */ = {
			isa = PBXGroup;
			children = (
				81E58059283FE80B000BC152 /* Extensions */,
				81E58038283FE4DF000BC152 /* AppDelegate.swift */,
				81E5803A283FE4DF000BC152 /* SceneDelegate.swift */,
			);
			path = Common;
			sourceTree = "<group>";
		};
		81E58051283FE663000BC152 /* Resources */ = {
			isa = PBXGroup;
			children = (
				81E58052283FE68E000BC152 /* sample.json */,
			);
			path = Resources;
			sourceTree = "<group>";
		};
		81E58059283FE80B000BC152 /* Extensions */ = {
			isa = PBXGroup;
			children = (
				81E58062283FF5C3000BC152 /* UIViewController.swift */,
			);
			path = Extensions;
			sourceTree = "<group>";
		};
		81E5805C283FE8B0000BC152 /* Model */ = {
			isa = PBXGroup;
			children = (
				81E5805D283FE9BA000BC152 /* Cab.swift */,
			);
			path = Model;
			sourceTree = "<group>";
		};
		81E5805F283FEE30000BC152 /* HelperClasses */ = {
			isa = PBXGroup;
			children = (
				81E58060283FEE82000BC152 /* CustomError.swift */,
			);
			path = HelperClasses;
			sourceTree = "<group>";
		};
		81E58066283FF8ED000BC152 /* Repository */ = {
			isa = PBXGroup;
			children = (
				81E58064283FF8A7000BC152 /* Repository.swift */,
			);
			path = Repository;
			sourceTree = "<group>";
		};
/* End PBXGroup section */

/* Begin PBXNativeTarget section */
		81E58034283FE4DF000BC152 /* RideCell */ = {
			isa = PBXNativeTarget;
			buildConfigurationList = 81E58049283FE4E0000BC152 /* Build configuration list for PBXNativeTarget "RideCell" */;
			buildPhases = (
				81E58031283FE4DF000BC152 /* Sources */,
				81E58032283FE4DF000BC152 /* Frameworks */,
				81E58033283FE4DF000BC152 /* Resources */,
			);
			buildRules = (
			);
			dependencies = (
			);
			name = RideCell;
			productName = RideCell;
			productReference = 81E58035283FE4DF000BC152 /* RideCell.app */;
			productType = "com.apple.product-type.application";
		};
/* End PBXNativeTarget section */

/* Begin PBXProject section */
		81E5802D283FE4DF000BC152 /* Project object */ = {
			isa = PBXProject;
			attributes = {
				BuildIndependentTargetsInParallel = 1;
				LastSwiftUpdateCheck = 1330;
				LastUpgradeCheck = 1330;
				TargetAttributes = {
					81E58034283FE4DF000BC152 = {
						CreatedOnToolsVersion = 13.3.1;
					};
				};
			};
			buildConfigurationList = 81E58030283FE4DF000BC152 /* Build configuration list for PBXProject "RideCell" */;
			compatibilityVersion = "Xcode 13.0";
			developmentRegion = en;
			hasScannedForEncodings = 0;
			knownRegions = (
				en,
				Base,
			);
			mainGroup = 81E5802C283FE4DF000BC152;
			productRefGroup = 81E58036283FE4DF000BC152 /* Products */;
			projectDirPath = "";
			projectRoot = "";
			targets = (
				81E58034283FE4DF000BC152 /* RideCell */,
			);
		};
/* End PBXProject section */

/* Begin PBXResourcesBuildPhase section */
		81E58033283FE4DF000BC152 /* Resources */ = {
			isa = PBXResourcesBuildPhase;
			buildActionMask = 2147483647;
			files = (
				81E58045283FE4E0000BC152 /* LaunchScreen.storyboard in Resources */,
				81E58053283FE68E000BC152 /* sample.json in Resources */,
				81E58042283FE4E0000BC152 /* Assets.xcassets in Resources */,
				81E58040283FE4DF000BC152 /* Main.storyboard in Resources */,
			);
			runOnlyForDeploymentPostprocessing = 0;
		};
/* End PBXResourcesBuildPhase section */

/* Begin PBXSourcesBuildPhase section */
		81E58031283FE4DF000BC152 /* Sources */ = {
			isa = PBXSourcesBuildPhase;
			buildActionMask = 2147483647;
			files = (
				81E58061283FEE82000BC152 /* CustomError.swift in Sources */,
				81E5803D283FE4DF000BC152 /* BookCabViewController.swift in Sources */,
				81E5805E283FE9BA000BC152 /* Cab.swift in Sources */,
				81E5805B283FE864000BC152 /* BookCabViewModel.swift in Sources */,
				81E58039283FE4DF000BC152 /* AppDelegate.swift in Sources */,
				81E58063283FF5C3000BC152 /* UIViewController.swift in Sources */,
				81E5803B283FE4DF000BC152 /* SceneDelegate.swift in Sources */,
				81E58065283FF8A7000BC152 /* Repository.swift in Sources */,
			);
			runOnlyForDeploymentPostprocessing = 0;
		};
/* End PBXSourcesBuildPhase section */

/* Begin PBXVariantGroup section */
		81E5803E283FE4DF000BC152 /* Main.storyboard */ = {
			isa = PBXVariantGroup;
			children = (
				81E5803F283FE4DF000BC152 /* Base */,
			);
			name = Main.storyboard;
			sourceTree = "<group>";
		};
		81E58043283FE4E0000BC152 /* LaunchScreen.storyboard */ = {
			isa = PBXVariantGroup;
			children = (
				81E58044283FE4E0000BC152 /* Base */,
			);
			name = LaunchScreen.storyboard;
			sourceTree = "<group>";
		};
/* End PBXVariantGroup section */

/* Begin XCBuildConfiguration section */
		81E58047283FE4E0000BC152 /* Debug */ = {
			isa = XCBuildConfiguration;
			buildSettings = {
				ALWAYS_SEARCH_USER_PATHS = NO;
				CLANG_ANALYZER_NONNULL = YES;
				CLANG_ANALYZER_NUMBER_OBJECT_CONVERSION = YES_AGGRESSIVE;
				CLANG_CXX_LANGUAGE_STANDARD = "gnu++17";
				CLANG_ENABLE_MODULES = YES;
				CLANG_ENABLE_OBJC_ARC = YES;
				CLANG_ENABLE_OBJC_WEAK = YES;
				CLANG_WARN_BLOCK_CAPTURE_AUTORELEASING = YES;
				CLANG_WARN_BOOL_CONVERSION = YES;
				CLANG_WARN_COMMA = YES;
				CLANG_WARN_CONSTANT_CONVERSION = YES;
				CLANG_WARN_DEPRECATED_OBJC_IMPLEMENTATIONS = YES;
				CLANG_WARN_DIRECT_OBJC_ISA_USAGE = YES_ERROR;
				CLANG_WARN_DOCUMENTATION_COMMENTS = YES;
				CLANG_WARN_EMPTY_BODY = YES;
				CLANG_WARN_ENUM_CONVERSION = YES;
				CLANG_WARN_INFINITE_RECURSION = YES;
				CLANG_WARN_INT_CONVERSION = YES;
				CLANG_WARN_NON_LITERAL_NULL_CONVERSION = YES;
				CLANG_WARN_OBJC_IMPLICIT_RETAIN_SELF = YES;
				CLANG_WARN_OBJC_LITERAL_CONVERSION = YES;
				CLANG_WARN_OBJC_ROOT_CLASS = YES_ERROR;
				CLANG_WARN_QUOTED_INCLUDE_IN_FRAMEWORK_HEADER = YES;
				CLANG_WARN_RANGE_LOOP_ANALYSIS = YES;
				CLANG_WARN_STRICT_PROTOTYPES = YES;
				CLANG_WARN_SUSPICIOUS_MOVE = YES;
				CLANG_WARN_UNGUARDED_AVAILABILITY = YES_AGGRESSIVE;
				CLANG_WARN_UNREACHABLE_CODE = YES;
				CLANG_WARN__DUPLICATE_METHOD_MATCH = YES;
				COPY_PHASE_STRIP = NO;
				DEBUG_INFORMATION_FORMAT = dwarf;
				ENABLE_STRICT_OBJC_MSGSEND = YES;
				ENABLE_TESTABILITY = YES;
				GCC_C_LANGUAGE_STANDARD = gnu11;
				GCC_DYNAMIC_NO_PIC = NO;
				GCC_NO_COMMON_BLOCKS = YES;
				GCC_OPTIMIZATION_LEVEL = 0;
				GCC_PREPROCESSOR_DEFINITIONS = (
					"DEBUG=1",
					"$(inherited)",
				);
				GCC_WARN_64_TO_32_BIT_CONVERSION = YES;
				GCC_WARN_ABOUT_RETURN_TYPE = YES_ERROR;
				GCC_WARN_UNDECLARED_SELECTOR = YES;
				GCC_WARN_UNINITIALIZED_AUTOS = YES_AGGRESSIVE;
				GCC_WARN_UNUSED_FUNCTION = YES;
				GCC_WARN_UNUSED_VARIABLE = YES;
				IPHONEOS_DEPLOYMENT_TARGET = 15.4;
				MTL_ENABLE_DEBUG_INFO = INCLUDE_SOURCE;
				MTL_FAST_MATH = YES;
				ONLY_ACTIVE_ARCH = YES;
				SDKROOT = iphoneos;
				SWIFT_ACTIVE_COMPILATION_CONDITIONS = DEBUG;
				SWIFT_OPTIMIZATION_LEVEL = "-Onone";
			};
			name = Debug;
		};
		81E58048283FE4E0000BC152 /* Release */ = {
			isa = XCBuildConfiguration;
			buildSettings = {
				ALWAYS_SEARCH_USER_PATHS = NO;
				CLANG_ANALYZER_NONNULL = YES;
				CLANG_ANALYZER_NUMBER_OBJECT_CONVERSION = YES_AGGRESSIVE;
				CLANG_CXX_LANGUAGE_STANDARD = "gnu++17";
				CLANG_ENABLE_MODULES = YES;
				CLANG_ENABLE_OBJC_ARC = YES;
				CLANG_ENABLE_OBJC_WEAK = YES;
				CLANG_WARN_BLOCK_CAPTURE_AUTORELEASING = YES;
				CLANG_WARN_BOOL_CONVERSION = YES;
				CLANG_WARN_COMMA = YES;
				CLANG_WARN_CONSTANT_CONVERSION = YES;
				CLANG_WARN_DEPRECATED_OBJC_IMPLEMENTATIONS = YES;
				CLANG_WARN_DIRECT_OBJC_ISA_USAGE = YES_ERROR;
				CLANG_WARN_DOCUMENTATION_COMMENTS = YES;
				CLANG_WARN_EMPTY_BODY = YES;
				CLANG_WARN_ENUM_CONVERSION = YES;
				CLANG_WARN_INFINITE_RECURSION = YES;
				CLANG_WARN_INT_CONVERSION = YES;
				CLANG_WARN_NON_LITERAL_NULL_CONVERSION = YES;
				CLANG_WARN_OBJC_IMPLICIT_RETAIN_SELF = YES;
				CLANG_WARN_OBJC_LITERAL_CONVERSION = YES;
				CLANG_WARN_OBJC_ROOT_CLASS = YES_ERROR;
				CLANG_WARN_QUOTED_INCLUDE_IN_FRAMEWORK_HEADER = YES;
				CLANG_WARN_RANGE_LOOP_ANALYSIS = YES;
				CLANG_WARN_STRICT_PROTOTYPES = YES;
				CLANG_WARN_SUSPICIOUS_MOVE = YES;
				CLANG_WARN_UNGUARDED_AVAILABILITY = YES_AGGRESSIVE;
				CLANG_WARN_UNREACHABLE_CODE = YES;
				CLANG_WARN__DUPLICATE_METHOD_MATCH = YES;
				COPY_PHASE_STRIP = NO;
				DEBUG_INFORMATION_FORMAT = "dwarf-with-dsym";
				ENABLE_NS_ASSERTIONS = NO;
				ENABLE_STRICT_OBJC_MSGSEND = YES;
				GCC_C_LANGUAGE_STANDARD = gnu11;
				GCC_NO_COMMON_BLOCKS = YES;
				GCC_WARN_64_TO_32_BIT_CONVERSION = YES;
				GCC_WARN_ABOUT_RETURN_TYPE = YES_ERROR;
				GCC_WARN_UNDECLARED_SELECTOR = YES;
				GCC_WARN_UNINITIALIZED_AUTOS = YES_AGGRESSIVE;
				GCC_WARN_UNUSED_FUNCTION = YES;
				GCC_WARN_UNUSED_VARIABLE = YES;
				IPHONEOS_DEPLOYMENT_TARGET = 15.4;
				MTL_ENABLE_DEBUG_INFO = NO;
				MTL_FAST_MATH = YES;
				SDKROOT = iphoneos;
				SWIFT_COMPILATION_MODE = wholemodule;
				SWIFT_OPTIMIZATION_LEVEL = "-O";
				VALIDATE_PRODUCT = YES;
			};
			name = Release;
		};
		81E5804A283FE4E0000BC152 /* Debug */ = {
			isa = XCBuildConfiguration;
			buildSettings = {
				ASSETCATALOG_COMPILER_APPICON_NAME = AppIcon;
				ASSETCATALOG_COMPILER_GLOBAL_ACCENT_COLOR_NAME = AccentColor;
				CODE_SIGN_STYLE = Automatic;
				CURRENT_PROJECT_VERSION = 1;
				GENERATE_INFOPLIST_FILE = YES;
				INFOPLIST_FILE = RideCell/Info.plist;
				INFOPLIST_KEY_UIApplicationSupportsIndirectInputEvents = YES;
				INFOPLIST_KEY_UILaunchStoryboardName = LaunchScreen;
				INFOPLIST_KEY_UIMainStoryboardFile = Main;
				INFOPLIST_KEY_UISupportedInterfaceOrientations_iPad = "UIInterfaceOrientationPortrait UIInterfaceOrientationPortraitUpsideDown UIInterfaceOrientationLandscapeLeft UIInterfaceOrientationLandscapeRight";
				INFOPLIST_KEY_UISupportedInterfaceOrientations_iPhone = "UIInterfaceOrientationPortrait UIInterfaceOrientationLandscapeLeft UIInterfaceOrientationLandscapeRight";
				LD_RUNPATH_SEARCH_PATHS = (
					"$(inherited)",
					"@executable_path/Frameworks",
				);
				MARKETING_VERSION = 1.0;
				PRODUCT_BUNDLE_IDENTIFIER = com.demo.RideCell;
				PRODUCT_NAME = "$(TARGET_NAME)";
				SWIFT_EMIT_LOC_STRINGS = YES;
				SWIFT_VERSION = 5.0;
				TARGETED_DEVICE_FAMILY = "1,2";
			};
			name = Debug;
		};
		81E5804B283FE4E0000BC152 /* Release */ = {
			isa = XCBuildConfiguration;
			buildSettings = {
				ASSETCATALOG_COMPILER_APPICON_NAME = AppIcon;
				ASSETCATALOG_COMPILER_GLOBAL_ACCENT_COLOR_NAME = AccentColor;
				CODE_SIGN_STYLE = Automatic;
				CURRENT_PROJECT_VERSION = 1;
				GENERATE_INFOPLIST_FILE = YES;
				INFOPLIST_FILE = RideCell/Info.plist;
				INFOPLIST_KEY_UIApplicationSupportsIndirectInputEvents = YES;
				INFOPLIST_KEY_UILaunchStoryboardName = LaunchScreen;
				INFOPLIST_KEY_UIMainStoryboardFile = Main;
				INFOPLIST_KEY_UISupportedInterfaceOrientations_iPad = "UIInterfaceOrientationPortrait UIInterfaceOrientationPortraitUpsideDown UIInterfaceOrientationLandscapeLeft UIInterfaceOrientationLandscapeRight";
				INFOPLIST_KEY_UISupportedInterfaceOrientations_iPhone = "UIInterfaceOrientationPortrait UIInterfaceOrientationLandscapeLeft UIInterfaceOrientationLandscapeRight";
				LD_RUNPATH_SEARCH_PATHS = (
					"$(inherited)",
					"@executable_path/Frameworks",
				);
				MARKETING_VERSION = 1.0;
				PRODUCT_BUNDLE_IDENTIFIER = com.demo.RideCell;
				PRODUCT_NAME = "$(TARGET_NAME)";
				SWIFT_EMIT_LOC_STRINGS = YES;
				SWIFT_VERSION = 5.0;
				TARGETED_DEVICE_FAMILY = "1,2";
			};
			name = Release;
		};
/* End XCBuildConfiguration section */

/* Begin XCConfigurationList section */
		81E58030283FE4DF000BC152 /* Build configuration list for PBXProject "RideCell" */ = {
			isa = XCConfigurationList;
			buildConfigurations = (
				81E58047283FE4E0000BC152 /* Debug */,
				81E58048283FE4E0000BC152 /* Release */,
			);
			defaultConfigurationIsVisible = 0;
			defaultConfigurationName = Release;
		};
		81E58049283FE4E0000BC152 /* Build configuration list for PBXNativeTarget "RideCell" */ = {
			isa = XCConfigurationList;
			buildConfigurations = (
				81E5804A283FE4E0000BC152 /* Debug */,
				81E5804B283FE4E0000BC152 /* Release */,
			);
			defaultConfigurationIsVisible = 0;
			defaultConfigurationName = Release;
		};
/* End XCConfigurationList section */
	};
	rootObject = 81E5802D283FE4DF000BC152 /* Project object */;
}
