// !$*UTF8*$!
{
	archiveVersion = 1;
	classes = {
	};
	objectVersion = 55;
	objects = {

/* Begin PBXBuildFile section */
		8103C4D52841EFE5005B4DD4 /* main.swift in Sources */ = {isa = PBXBuildFile; fileRef = 8103C4D42841EFE5005B4DD4 /* main.swift */; };
		8103C4D72841F15D005B4DD4 /* TestingAppDelegate.swift in Sources */ = {isa = PBXBuildFile; fileRef = 8103C4D62841F15D005B4DD4 /* TestingAppDelegate.swift */; };
		8103C4D92841F211005B4DD4 /* TestingSceneDelegate.swift in Sources */ = {isa = PBXBuildFile; fileRef = 8103C4D82841F211005B4DD4 /* TestingSceneDelegate.swift */; };
		812A559B28775C350039242C /* CabInfoBottomSheetTest.swift in Sources */ = {isa = PBXBuildFile; fileRef = 812A559A28775C350039242C /* CabInfoBottomSheetTest.swift */; };
		813366D32875E92700C0F982 /* ListViewTests.swift in Sources */ = {isa = PBXBuildFile; fileRef = 813366D22875E92700C0F982 /* ListViewTests.swift */; };
		813366D52875FFF700C0F982 /* MapViewTests.swift in Sources */ = {isa = PBXBuildFile; fileRef = 813366D42875FFF700C0F982 /* MapViewTests.swift */; };
		813DCF682871F14500C3CD83 /* ImageCache.swift in Sources */ = {isa = PBXBuildFile; fileRef = 813DCF672871F14500C3CD83 /* ImageCache.swift */; };
		8170BDE92873400600E575E0 /* mock_cabs.json in Resources */ = {isa = PBXBuildFile; fileRef = 8170BDE82873400600E575E0 /* mock_cabs.json */; };
		8170BDEB2873428F00E575E0 /* CacheTest.swift in Sources */ = {isa = PBXBuildFile; fileRef = 8170BDEA2873428F00E575E0 /* CacheTest.swift */; };
		8170BDEF287343B100E575E0 /* mini_cab.png in Resources */ = {isa = PBXBuildFile; fileRef = 8170BDEE287343B100E575E0 /* mini_cab.png */; };
		8170BDF328734FB000E575E0 /* MockAPI.swift in Sources */ = {isa = PBXBuildFile; fileRef = 8170BDF228734FB000E575E0 /* MockAPI.swift */; };
		8195BFF8284138F80049B1EF /* DataSourceViewModelTests.swift in Sources */ = {isa = PBXBuildFile; fileRef = 8195BFF7284138F80049B1EF /* DataSourceViewModelTests.swift */; };
		81991B0B28409BB700EA77DE /* CabInfoPageViewController.swift in Sources */ = {isa = PBXBuildFile; fileRef = 81991B0A28409BB700EA77DE /* CabInfoPageViewController.swift */; };
		81991B0D28409BF100EA77DE /* CabInfoViewController.swift in Sources */ = {isa = PBXBuildFile; fileRef = 81991B0C28409BF100EA77DE /* CabInfoViewController.swift */; };
		81991B112840A28800EA77DE /* CabPointAnnotation.swift in Sources */ = {isa = PBXBuildFile; fileRef = 81991B102840A28800EA77DE /* CabPointAnnotation.swift */; };
		81C02BA728704DF30084F76A /* ApiRequestHandler.swift in Sources */ = {isa = PBXBuildFile; fileRef = 81C02BA628704DF30084F76A /* ApiRequestHandler.swift */; };
		81E58039283FE4DF000BC152 /* AppDelegate.swift in Sources */ = {isa = PBXBuildFile; fileRef = 81E58038283FE4DF000BC152 /* AppDelegate.swift */; };
		81E5803B283FE4DF000BC152 /* SceneDelegate.swift in Sources */ = {isa = PBXBuildFile; fileRef = 81E5803A283FE4DF000BC152 /* SceneDelegate.swift */; };
		81E5803D283FE4DF000BC152 /* MapViewController.swift in Sources */ = {isa = PBXBuildFile; fileRef = 81E5803C283FE4DF000BC152 /* MapViewController.swift */; };
		81E58040283FE4DF000BC152 /* Main.storyboard in Resources */ = {isa = PBXBuildFile; fileRef = 81E5803E283FE4DF000BC152 /* Main.storyboard */; };
		81E58042283FE4E0000BC152 /* Assets.xcassets in Resources */ = {isa = PBXBuildFile; fileRef = 81E58041283FE4E0000BC152 /* Assets.xcassets */; };
		81E58045283FE4E0000BC152 /* LaunchScreen.storyboard in Resources */ = {isa = PBXBuildFile; fileRef = 81E58043283FE4E0000BC152 /* LaunchScreen.storyboard */; };
		81E5805B283FE864000BC152 /* DataSourceViewModel.swift in Sources */ = {isa = PBXBuildFile; fileRef = 81E5805A283FE864000BC152 /* DataSourceViewModel.swift */; };
		81E5805E283FE9BA000BC152 /* Cab.swift in Sources */ = {isa = PBXBuildFile; fileRef = 81E5805D283FE9BA000BC152 /* Cab.swift */; };
		81E58061283FEE82000BC152 /* CustomError.swift in Sources */ = {isa = PBXBuildFile; fileRef = 81E58060283FEE82000BC152 /* CustomError.swift */; };
		81E58063283FF5C3000BC152 /* UIViewController.swift in Sources */ = {isa = PBXBuildFile; fileRef = 81E58062283FF5C3000BC152 /* UIViewController.swift */; };
		81E58065283FF8A7000BC152 /* CabRepository.swift in Sources */ = {isa = PBXBuildFile; fileRef = 81E58064283FF8A7000BC152 /* CabRepository.swift */; };
		81E5806828400647000BC152 /* CabPin.swift in Sources */ = {isa = PBXBuildFile; fileRef = 81E5806728400647000BC152 /* CabPin.swift */; };
		81E5806A28400EB3000BC152 /* String.swift in Sources */ = {isa = PBXBuildFile; fileRef = 81E5806928400EB3000BC152 /* String.swift */; };
		81E5806E28400F2D000BC152 /* Localizable.strings in Resources */ = {isa = PBXBuildFile; fileRef = 81E5807028400F2D000BC152 /* Localizable.strings */; };
		81FD31202870A55600A257F1 /* MainViewController.swift in Sources */ = {isa = PBXBuildFile; fileRef = 81FD311F2870A55600A257F1 /* MainViewController.swift */; };
		81FD31222870A5F000A257F1 /* ListViewController.swift in Sources */ = {isa = PBXBuildFile; fileRef = 81FD31212870A5F000A257F1 /* ListViewController.swift */; };
		81FD31292870BA9200A257F1 /* MapViewModel.swift in Sources */ = {isa = PBXBuildFile; fileRef = 81FD31282870BA9200A257F1 /* MapViewModel.swift */; };
		81FD312B2870C2A300A257F1 /* BaseLayoutViewController.swift in Sources */ = {isa = PBXBuildFile; fileRef = 81FD312A2870C2A300A257F1 /* BaseLayoutViewController.swift */; };
		81FD312E2870C54100A257F1 /* CabInfoTableViewCell.swift in Sources */ = {isa = PBXBuildFile; fileRef = 81FD312D2870C54100A257F1 /* CabInfoTableViewCell.swift */; };
		81FD31312870C5F600A257F1 /* ListViewModel.swift in Sources */ = {isa = PBXBuildFile; fileRef = 81FD31302870C5F600A257F1 /* ListViewModel.swift */; };
		81FD31332870CEDA00A257F1 /* UIImageView.swift in Sources */ = {isa = PBXBuildFile; fileRef = 81FD31322870CEDA00A257F1 /* UIImageView.swift */; };
/* End PBXBuildFile section */

/* Begin PBXContainerItemProxy section */
		8195BFF9284138F80049B1EF /* PBXContainerItemProxy */ = {
			isa = PBXContainerItemProxy;
			containerPortal = 81E5802D283FE4DF000BC152 /* Project object */;
			proxyType = 1;
			remoteGlobalIDString = 81E58034283FE4DF000BC152;
			remoteInfo = RideCell;
		};
/* End PBXContainerItemProxy section */

/* Begin PBXFileReference section */
		8103C4D42841EFE5005B4DD4 /* main.swift */ = {isa = PBXFileReference; lastKnownFileType = sourcecode.swift; path = main.swift; sourceTree = "<group>"; };
		8103C4D62841F15D005B4DD4 /* TestingAppDelegate.swift */ = {isa = PBXFileReference; lastKnownFileType = sourcecode.swift; path = TestingAppDelegate.swift; sourceTree = "<group>"; };
		8103C4D82841F211005B4DD4 /* TestingSceneDelegate.swift */ = {isa = PBXFileReference; lastKnownFileType = sourcecode.swift; path = TestingSceneDelegate.swift; sourceTree = "<group>"; };
		812A559A28775C350039242C /* CabInfoBottomSheetTest.swift */ = {isa = PBXFileReference; lastKnownFileType = sourcecode.swift; path = CabInfoBottomSheetTest.swift; sourceTree = "<group>"; };
		813366D22875E92700C0F982 /* ListViewTests.swift */ = {isa = PBXFileReference; lastKnownFileType = sourcecode.swift; path = ListViewTests.swift; sourceTree = "<group>"; };
		813366D42875FFF700C0F982 /* MapViewTests.swift */ = {isa = PBXFileReference; lastKnownFileType = sourcecode.swift; path = MapViewTests.swift; sourceTree = "<group>"; };
		813DCF672871F14500C3CD83 /* ImageCache.swift */ = {isa = PBXFileReference; lastKnownFileType = sourcecode.swift; path = ImageCache.swift; sourceTree = "<group>"; };
		8170BDE82873400600E575E0 /* mock_cabs.json */ = {isa = PBXFileReference; lastKnownFileType = text.json; path = mock_cabs.json; sourceTree = "<group>"; };
		8170BDEA2873428F00E575E0 /* CacheTest.swift */ = {isa = PBXFileReference; lastKnownFileType = sourcecode.swift; path = CacheTest.swift; sourceTree = "<group>"; };
		8170BDEE287343B100E575E0 /* mini_cab.png */ = {isa = PBXFileReference; lastKnownFileType = image.png; path = mini_cab.png; sourceTree = "<group>"; };
		8170BDF228734FB000E575E0 /* MockAPI.swift */ = {isa = PBXFileReference; lastKnownFileType = sourcecode.swift; path = MockAPI.swift; sourceTree = "<group>"; };
		8195BFF5284138F80049B1EF /* SixTTests.xctest */ = {isa = PBXFileReference; explicitFileType = wrapper.cfbundle; includeInIndex = 0; path = SixTTests.xctest; sourceTree = BUILT_PRODUCTS_DIR; };
		8195BFF7284138F80049B1EF /* DataSourceViewModelTests.swift */ = {isa = PBXFileReference; lastKnownFileType = sourcecode.swift; path = DataSourceViewModelTests.swift; sourceTree = "<group>"; };
		81991B0A28409BB700EA77DE /* CabInfoPageViewController.swift */ = {isa = PBXFileReference; lastKnownFileType = sourcecode.swift; path = CabInfoPageViewController.swift; sourceTree = "<group>"; };
		81991B0C28409BF100EA77DE /* CabInfoViewController.swift */ = {isa = PBXFileReference; lastKnownFileType = sourcecode.swift; path = CabInfoViewController.swift; sourceTree = "<group>"; };
		81991B102840A28800EA77DE /* CabPointAnnotation.swift */ = {isa = PBXFileReference; lastKnownFileType = sourcecode.swift; path = CabPointAnnotation.swift; sourceTree = "<group>"; };
		81C02BA628704DF30084F76A /* ApiRequestHandler.swift */ = {isa = PBXFileReference; lastKnownFileType = sourcecode.swift; path = ApiRequestHandler.swift; sourceTree = "<group>"; };
		81E58035283FE4DF000BC152 /* SixT.app */ = {isa = PBXFileReference; explicitFileType = wrapper.application; includeInIndex = 0; path = SixT.app; sourceTree = BUILT_PRODUCTS_DIR; };
		81E58038283FE4DF000BC152 /* AppDelegate.swift */ = {isa = PBXFileReference; lastKnownFileType = sourcecode.swift; path = AppDelegate.swift; sourceTree = "<group>"; };
		81E5803A283FE4DF000BC152 /* SceneDelegate.swift */ = {isa = PBXFileReference; lastKnownFileType = sourcecode.swift; path = SceneDelegate.swift; sourceTree = "<group>"; };
		81E5803C283FE4DF000BC152 /* MapViewController.swift */ = {isa = PBXFileReference; lastKnownFileType = sourcecode.swift; path = MapViewController.swift; sourceTree = "<group>"; };
		81E5803F283FE4DF000BC152 /* Base */ = {isa = PBXFileReference; lastKnownFileType = file.storyboard; name = Base; path = Base.lproj/Main.storyboard; sourceTree = "<group>"; };
		81E58041283FE4E0000BC152 /* Assets.xcassets */ = {isa = PBXFileReference; lastKnownFileType = folder.assetcatalog; path = Assets.xcassets; sourceTree = "<group>"; };
		81E58044283FE4E0000BC152 /* Base */ = {isa = PBXFileReference; lastKnownFileType = file.storyboard; name = Base; path = Base.lproj/LaunchScreen.storyboard; sourceTree = "<group>"; };
		81E58046283FE4E0000BC152 /* Info.plist */ = {isa = PBXFileReference; lastKnownFileType = text.plist.xml; path = Info.plist; sourceTree = "<group>"; };
		81E5805A283FE864000BC152 /* DataSourceViewModel.swift */ = {isa = PBXFileReference; lastKnownFileType = sourcecode.swift; path = DataSourceViewModel.swift; sourceTree = "<group>"; };
		81E5805D283FE9BA000BC152 /* Cab.swift */ = {isa = PBXFileReference; lastKnownFileType = sourcecode.swift; path = Cab.swift; sourceTree = "<group>"; };
		81E58060283FEE82000BC152 /* CustomError.swift */ = {isa = PBXFileReference; lastKnownFileType = sourcecode.swift; path = CustomError.swift; sourceTree = "<group>"; };
		81E58062283FF5C3000BC152 /* UIViewController.swift */ = {isa = PBXFileReference; lastKnownFileType = sourcecode.swift; path = UIViewController.swift; sourceTree = "<group>"; };
		81E58064283FF8A7000BC152 /* CabRepository.swift */ = {isa = PBXFileReference; lastKnownFileType = sourcecode.swift; path = CabRepository.swift; sourceTree = "<group>"; };
		81E5806728400647000BC152 /* CabPin.swift */ = {isa = PBXFileReference; lastKnownFileType = sourcecode.swift; path = CabPin.swift; sourceTree = "<group>"; };
		81E5806928400EB3000BC152 /* String.swift */ = {isa = PBXFileReference; lastKnownFileType = sourcecode.swift; path = String.swift; sourceTree = "<group>"; };
		81E5806F28400F2D000BC152 /* en */ = {isa = PBXFileReference; lastKnownFileType = text.plist.strings; name = en; path = en.lproj/Localizable.strings; sourceTree = "<group>"; };
		81FD311F2870A55600A257F1 /* MainViewController.swift */ = {isa = PBXFileReference; lastKnownFileType = sourcecode.swift; path = MainViewController.swift; sourceTree = "<group>"; };
		81FD31212870A5F000A257F1 /* ListViewController.swift */ = {isa = PBXFileReference; lastKnownFileType = sourcecode.swift; path = ListViewController.swift; sourceTree = "<group>"; };
		81FD31282870BA9200A257F1 /* MapViewModel.swift */ = {isa = PBXFileReference; lastKnownFileType = sourcecode.swift; path = MapViewModel.swift; sourceTree = "<group>"; };
		81FD312A2870C2A300A257F1 /* BaseLayoutViewController.swift */ = {isa = PBXFileReference; lastKnownFileType = sourcecode.swift; path = BaseLayoutViewController.swift; sourceTree = "<group>"; };
		81FD312D2870C54100A257F1 /* CabInfoTableViewCell.swift */ = {isa = PBXFileReference; lastKnownFileType = sourcecode.swift; path = CabInfoTableViewCell.swift; sourceTree = "<group>"; };
		81FD31302870C5F600A257F1 /* ListViewModel.swift */ = {isa = PBXFileReference; lastKnownFileType = sourcecode.swift; path = ListViewModel.swift; sourceTree = "<group>"; };
		81FD31322870CEDA00A257F1 /* UIImageView.swift */ = {isa = PBXFileReference; lastKnownFileType = sourcecode.swift; path = UIImageView.swift; sourceTree = "<group>"; };
/* End PBXFileReference section */

/* Begin PBXFrameworksBuildPhase section */
		8195BFF2284138F80049B1EF /* Frameworks */ = {
			isa = PBXFrameworksBuildPhase;
			buildActionMask = 2147483647;
			files = (
			);
			runOnlyForDeploymentPostprocessing = 0;
		};
		81E58032283FE4DF000BC152 /* Frameworks */ = {
			isa = PBXFrameworksBuildPhase;
			buildActionMask = 2147483647;
			files = (
			);
			runOnlyForDeploymentPostprocessing = 0;
		};
/* End PBXFrameworksBuildPhase section */

/* Begin PBXGroup section */
		8170BDEC287342A300E575E0 /* Common */ = {
			isa = PBXGroup;
			children = (
				8103C4D62841F15D005B4DD4 /* TestingAppDelegate.swift */,
				8103C4D82841F211005B4DD4 /* TestingSceneDelegate.swift */,
			);
			path = Common;
			sourceTree = "<group>";
		};
		8170BDED287342B700E575E0 /* Tests */ = {
			isa = PBXGroup;
			children = (
				8170BDF428734FB600E575E0 /* Helper */,
				8195BFF7284138F80049B1EF /* DataSourceViewModelTests.swift */,
				8170BDEA2873428F00E575E0 /* CacheTest.swift */,
				813366D22875E92700C0F982 /* ListViewTests.swift */,
				813366D42875FFF700C0F982 /* MapViewTests.swift */,
				812A559A28775C350039242C /* CabInfoBottomSheetTest.swift */,
			);
			path = Tests;
			sourceTree = "<group>";
		};
		8170BDF128734ACE00E575E0 /* API */ = {
			isa = PBXGroup;
			children = (
				81C02BA628704DF30084F76A /* ApiRequestHandler.swift */,
			);
			path = API;
			sourceTree = "<group>";
		};
		8170BDF428734FB600E575E0 /* Helper */ = {
			isa = PBXGroup;
			children = (
				8170BDF228734FB000E575E0 /* MockAPI.swift */,
			);
			path = Helper;
			sourceTree = "<group>";
		};
		8195BFF6284138F80049B1EF /* SixTTests */ = {
			isa = PBXGroup;
			children = (
				8195C001284139D70049B1EF /* BookCabTest */,
			);
			path = SixTTests;
			sourceTree = "<group>";
		};
		8195C001284139D70049B1EF /* BookCabTest */ = {
			isa = PBXGroup;
			children = (
				8170BDED287342B700E575E0 /* Tests */,
				8170BDEC287342A300E575E0 /* Common */,
				8195C00428413D100049B1EF /* Resources */,
			);
			path = BookCabTest;
			sourceTree = "<group>";
		};
		8195C00428413D100049B1EF /* Resources */ = {
			isa = PBXGroup;
			children = (
				8170BDEE287343B100E575E0 /* mini_cab.png */,
				8170BDE82873400600E575E0 /* mock_cabs.json */,
			);
			path = Resources;
			sourceTree = "<group>";
		};
		81E5802C283FE4DF000BC152 = {
			isa = PBXGroup;
			children = (
				81E58037283FE4DF000BC152 /* SixT */,
				8195BFF6284138F80049B1EF /* SixTTests */,
				81E58036283FE4DF000BC152 /* Products */,
			);
			sourceTree = "<group>";
		};
		81E58036283FE4DF000BC152 /* Products */ = {
			isa = PBXGroup;
			children = (
				81E58035283FE4DF000BC152 /* SixT.app */,
				8195BFF5284138F80049B1EF /* SixTTests.xctest */,
			);
			name = Products;
			sourceTree = "<group>";
		};
		81E58037283FE4DF000BC152 /* SixT */ = {
			isa = PBXGroup;
			children = (
				81E58050283FE564000BC152 /* Common */,
				81E5804F283FE55C000BC152 /* Cabs */,
				81E58041283FE4E0000BC152 /* Assets.xcassets */,
				81E58043283FE4E0000BC152 /* LaunchScreen.storyboard */,
				81E58046283FE4E0000BC152 /* Info.plist */,
			);
			path = SixT;
			sourceTree = "<group>";
		};
		81E5804D283FE549000BC152 /* View */ = {
			isa = PBXGroup;
			children = (
				81991B102840A28800EA77DE /* CabPointAnnotation.swift */,
				81E5806728400647000BC152 /* CabPin.swift */,
			);
			path = View;
			sourceTree = "<group>";
		};
		81E5804E283FE553000BC152 /* ViewModel */ = {
			isa = PBXGroup;
			children = (
				81FD31282870BA9200A257F1 /* MapViewModel.swift */,
			);
			path = ViewModel;
			sourceTree = "<group>";
		};
		81E5804F283FE55C000BC152 /* Cabs */ = {
			isa = PBXGroup;
			children = (
				81E5803E283FE4DF000BC152 /* Main.storyboard */,
				81FD31252870B87F00A257F1 /* Main */,
				81FD311E2870A52A00A257F1 /* List */,
				81FD311D2870A51300A257F1 /* Map */,
			);
			path = Cabs;
			sourceTree = "<group>";
		};
		81E58050283FE564000BC152 /* Common */ = {
			isa = PBXGroup;
			children = (
				81E5805F283FEE30000BC152 /* HelperClasses */,
				81E5806B28400EE4000BC152 /* Localized */,
				81E58059283FE80B000BC152 /* Extensions */,
				81E58038283FE4DF000BC152 /* AppDelegate.swift */,
				81E5803A283FE4DF000BC152 /* SceneDelegate.swift */,
				8103C4D42841EFE5005B4DD4 /* main.swift */,
			);
			path = Common;
			sourceTree = "<group>";
		};
		81E58059283FE80B000BC152 /* Extensions */ = {
			isa = PBXGroup;
			children = (
				81E58062283FF5C3000BC152 /* UIViewController.swift */,
				81E5806928400EB3000BC152 /* String.swift */,
				81FD31322870CEDA00A257F1 /* UIImageView.swift */,
			);
			path = Extensions;
			sourceTree = "<group>";
		};
		81E5805C283FE8B0000BC152 /* Model */ = {
			isa = PBXGroup;
			children = (
				81E5805D283FE9BA000BC152 /* Cab.swift */,
			);
			path = Model;
			sourceTree = "<group>";
		};
		81E5805F283FEE30000BC152 /* HelperClasses */ = {
			isa = PBXGroup;
			children = (
				81E58060283FEE82000BC152 /* CustomError.swift */,
				813DCF672871F14500C3CD83 /* ImageCache.swift */,
			);
			path = HelperClasses;
			sourceTree = "<group>";
		};
		81E58066283FF8ED000BC152 /* Repository */ = {
			isa = PBXGroup;
			children = (
				81E58064283FF8A7000BC152 /* CabRepository.swift */,
			);
			path = Repository;
			sourceTree = "<group>";
		};
		81E5806B28400EE4000BC152 /* Localized */ = {
			isa = PBXGroup;
			children = (
				81E5807028400F2D000BC152 /* Localizable.strings */,
			);
			path = Localized;
			sourceTree = "<group>";
		};
		81FD311D2870A51300A257F1 /* Map */ = {
			isa = PBXGroup;
			children = (
				81E5804D283FE549000BC152 /* View */,
				81E5804E283FE553000BC152 /* ViewModel */,
				81FD31242870B2A800A257F1 /* Controller */,
			);
			path = Map;
			sourceTree = "<group>";
		};
		81FD311E2870A52A00A257F1 /* List */ = {
			isa = PBXGroup;
			children = (
				81FD312F2870C5D500A257F1 /* ViewModel */,
				81FD312C2870C51F00A257F1 /* View */,
				81FD31232870B29000A257F1 /* Controller */,
			);
			path = List;
			sourceTree = "<group>";
		};
		81FD31232870B29000A257F1 /* Controller */ = {
			isa = PBXGroup;
			children = (
				81FD31212870A5F000A257F1 /* ListViewController.swift */,
			);
			path = Controller;
			sourceTree = "<group>";
		};
		81FD31242870B2A800A257F1 /* Controller */ = {
			isa = PBXGroup;
			children = (
				81E5803C283FE4DF000BC152 /* MapViewController.swift */,
				81991B0A28409BB700EA77DE /* CabInfoPageViewController.swift */,
				81991B0C28409BF100EA77DE /* CabInfoViewController.swift */,
			);
			path = Controller;
			sourceTree = "<group>";
		};
		81FD31252870B87F00A257F1 /* Main */ = {
			isa = PBXGroup;
			children = (
				81FD31272870B8AB00A257F1 /* Controller */,
				81FD31262870B89F00A257F1 /* ViewModel */,
				8170BDF128734ACE00E575E0 /* API */,
				81E58066283FF8ED000BC152 /* Repository */,
				81E5805C283FE8B0000BC152 /* Model */,
			);
			path = Main;
			sourceTree = "<group>";
		};
		81FD31262870B89F00A257F1 /* ViewModel */ = {
			isa = PBXGroup;
			children = (
				81E5805A283FE864000BC152 /* DataSourceViewModel.swift */,
			);
			path = ViewModel;
			sourceTree = "<group>";
		};
		81FD31272870B8AB00A257F1 /* Controller */ = {
			isa = PBXGroup;
			children = (
				81FD311F2870A55600A257F1 /* MainViewController.swift */,
				81FD312A2870C2A300A257F1 /* BaseLayoutViewController.swift */,
			);
			path = Controller;
			sourceTree = "<group>";
		};
		81FD312C2870C51F00A257F1 /* View */ = {
			isa = PBXGroup;
			children = (
				81FD312D2870C54100A257F1 /* CabInfoTableViewCell.swift */,
			);
			path = View;
			sourceTree = "<group>";
		};
		81FD312F2870C5D500A257F1 /* ViewModel */ = {
			isa = PBXGroup;
			children = (
				81FD31302870C5F600A257F1 /* ListViewModel.swift */,
			);
			path = ViewModel;
			sourceTree = "<group>";
		};
/* End PBXGroup section */

/* Begin PBXNativeTarget section */
		8195BFF4284138F80049B1EF /* SixTTests */ = {
			isa = PBXNativeTarget;
			buildConfigurationList = 8195BFFD284138F80049B1EF /* Build configuration list for PBXNativeTarget "SixTTests" */;
			buildPhases = (
				8195BFF1284138F80049B1EF /* Sources */,
				8195BFF2284138F80049B1EF /* Frameworks */,
				8195BFF3284138F80049B1EF /* Resources */,
			);
			buildRules = (
			);
			dependencies = (
				8195BFFA284138F80049B1EF /* PBXTargetDependency */,
			);
			name = SixTTests;
			productName = RideCellTests;
			productReference = 8195BFF5284138F80049B1EF /* SixTTests.xctest */;
			productType = "com.apple.product-type.bundle.unit-test";
		};
		81E58034283FE4DF000BC152 /* SixT */ = {
			isa = PBXNativeTarget;
			buildConfigurationList = 81E58049283FE4E0000BC152 /* Build configuration list for PBXNativeTarget "SixT" */;
			buildPhases = (
				81E58031283FE4DF000BC152 /* Sources */,
				81E58032283FE4DF000BC152 /* Frameworks */,
				81E58033283FE4DF000BC152 /* Resources */,
			);
			buildRules = (
			);
			dependencies = (
			);
			name = SixT;
			productName = RideCell;
			productReference = 81E58035283FE4DF000BC152 /* SixT.app */;
			productType = "com.apple.product-type.application";
		};
/* End PBXNativeTarget section */

/* Begin PBXProject section */
		81E5802D283FE4DF000BC152 /* Project object */ = {
			isa = PBXProject;
			attributes = {
				BuildIndependentTargetsInParallel = 1;
				LastSwiftUpdateCheck = 1330;
				LastUpgradeCheck = 1330;
				TargetAttributes = {
					8195BFF4284138F80049B1EF = {
						CreatedOnToolsVersion = 13.3.1;
						TestTargetID = 81E58034283FE4DF000BC152;
					};
					81E58034283FE4DF000BC152 = {
						CreatedOnToolsVersion = 13.3.1;
					};
				};
			};
			buildConfigurationList = 81E58030283FE4DF000BC152 /* Build configuration list for PBXProject "SixT" */;
			compatibilityVersion = "Xcode 13.0";
			developmentRegion = en;
			hasScannedForEncodings = 0;
			knownRegions = (
				en,
				Base,
			);
			mainGroup = 81E5802C283FE4DF000BC152;
			productRefGroup = 81E58036283FE4DF000BC152 /* Products */;
			projectDirPath = "";
			projectRoot = "";
			targets = (
				81E58034283FE4DF000BC152 /* SixT */,
				8195BFF4284138F80049B1EF /* SixTTests */,
			);
		};
/* End PBXProject section */

/* Begin PBXResourcesBuildPhase section */
		8195BFF3284138F80049B1EF /* Resources */ = {
			isa = PBXResourcesBuildPhase;
			buildActionMask = 2147483647;
			files = (
				8170BDEF287343B100E575E0 /* mini_cab.png in Resources */,
				8170BDE92873400600E575E0 /* mock_cabs.json in Resources */,
			);
			runOnlyForDeploymentPostprocessing = 0;
		};
		81E58033283FE4DF000BC152 /* Resources */ = {
			isa = PBXResourcesBuildPhase;
			buildActionMask = 2147483647;
			files = (
				81E5806E28400F2D000BC152 /* Localizable.strings in Resources */,
				81E58045283FE4E0000BC152 /* LaunchScreen.storyboard in Resources */,
				81E58042283FE4E0000BC152 /* Assets.xcassets in Resources */,
				81E58040283FE4DF000BC152 /* Main.storyboard in Resources */,
			);
			runOnlyForDeploymentPostprocessing = 0;
		};
/* End PBXResourcesBuildPhase section */

/* Begin PBXSourcesBuildPhase section */
		8195BFF1284138F80049B1EF /* Sources */ = {
			isa = PBXSourcesBuildPhase;
			buildActionMask = 2147483647;
			files = (
				8170BDEB2873428F00E575E0 /* CacheTest.swift in Sources */,
				813366D52875FFF700C0F982 /* MapViewTests.swift in Sources */,
				8103C4D92841F211005B4DD4 /* TestingSceneDelegate.swift in Sources */,
				813366D32875E92700C0F982 /* ListViewTests.swift in Sources */,
				8103C4D72841F15D005B4DD4 /* TestingAppDelegate.swift in Sources */,
				8170BDF328734FB000E575E0 /* MockAPI.swift in Sources */,
				8195BFF8284138F80049B1EF /* DataSourceViewModelTests.swift in Sources */,
				812A559B28775C350039242C /* CabInfoBottomSheetTest.swift in Sources */,
			);
			runOnlyForDeploymentPostprocessing = 0;
		};
		81E58031283FE4DF000BC152 /* Sources */ = {
			isa = PBXSourcesBuildPhase;
			buildActionMask = 2147483647;
			files = (
				81FD31222870A5F000A257F1 /* ListViewController.swift in Sources */,
				81E58061283FEE82000BC152 /* CustomError.swift in Sources */,
				81FD31312870C5F600A257F1 /* ListViewModel.swift in Sources */,
				81991B0B28409BB700EA77DE /* CabInfoPageViewController.swift in Sources */,
				81C02BA728704DF30084F76A /* ApiRequestHandler.swift in Sources */,
				81E5803D283FE4DF000BC152 /* MapViewController.swift in Sources */,
				81FD31332870CEDA00A257F1 /* UIImageView.swift in Sources */,
				81E5806A28400EB3000BC152 /* String.swift in Sources */,
				81FD312E2870C54100A257F1 /* CabInfoTableViewCell.swift in Sources */,
				81E5805E283FE9BA000BC152 /* Cab.swift in Sources */,
				81E5805B283FE864000BC152 /* DataSourceViewModel.swift in Sources */,
				81E58039283FE4DF000BC152 /* AppDelegate.swift in Sources */,
				81E58063283FF5C3000BC152 /* UIViewController.swift in Sources */,
				8103C4D52841EFE5005B4DD4 /* main.swift in Sources */,
				81E5803B283FE4DF000BC152 /* SceneDelegate.swift in Sources */,
				813DCF682871F14500C3CD83 /* ImageCache.swift in Sources */,
				81FD312B2870C2A300A257F1 /* BaseLayoutViewController.swift in Sources */,
				81E5806828400647000BC152 /* CabPin.swift in Sources */,
				81E58065283FF8A7000BC152 /* CabRepository.swift in Sources */,
				81FD31202870A55600A257F1 /* MainViewController.swift in Sources */,
				81991B112840A28800EA77DE /* CabPointAnnotation.swift in Sources */,
				81991B0D28409BF100EA77DE /* CabInfoViewController.swift in Sources */,
				81FD31292870BA9200A257F1 /* MapViewModel.swift in Sources */,
			);
			runOnlyForDeploymentPostprocessing = 0;
		};
/* End PBXSourcesBuildPhase section */

/* Begin PBXTargetDependency section */
		8195BFFA284138F80049B1EF /* PBXTargetDependency */ = {
			isa = PBXTargetDependency;
			target = 81E58034283FE4DF000BC152 /* SixT */;
			targetProxy = 8195BFF9284138F80049B1EF /* PBXContainerItemProxy */;
		};
/* End PBXTargetDependency section */

/* Begin PBXVariantGroup section */
		81E5803E283FE4DF000BC152 /* Main.storyboard */ = {
			isa = PBXVariantGroup;
			children = (
				81E5803F283FE4DF000BC152 /* Base */,
			);
			name = Main.storyboard;
			sourceTree = "<group>";
		};
		81E58043283FE4E0000BC152 /* LaunchScreen.storyboard */ = {
			isa = PBXVariantGroup;
			children = (
				81E58044283FE4E0000BC152 /* Base */,
			);
			name = LaunchScreen.storyboard;
			sourceTree = "<group>";
		};
		81E5807028400F2D000BC152 /* Localizable.strings */ = {
			isa = PBXVariantGroup;
			children = (
				81E5806F28400F2D000BC152 /* en */,
			);
			name = Localizable.strings;
			sourceTree = "<group>";
		};
/* End PBXVariantGroup section */

/* Begin XCBuildConfiguration section */
		8195BFFB284138F80049B1EF /* Debug */ = {
			isa = XCBuildConfiguration;
			buildSettings = {
				BUNDLE_LOADER = "$(TEST_HOST)";
				CODE_SIGN_STYLE = Automatic;
				CURRENT_PROJECT_VERSION = 1;
				GENERATE_INFOPLIST_FILE = YES;
				MARKETING_VERSION = 1.0;
				PRODUCT_BUNDLE_IDENTIFIER = com.demo.RideCellTests;
				PRODUCT_NAME = "$(TARGET_NAME)";
				SWIFT_EMIT_LOC_STRINGS = NO;
				SWIFT_VERSION = 5.0;
				TARGETED_DEVICE_FAMILY = "1,2";
				TEST_HOST = "$(BUILT_PRODUCTS_DIR)/SixT.app/SixT";
			};
			name = Debug;
		};
		8195BFFC284138F80049B1EF /* Release */ = {
			isa = XCBuildConfiguration;
			buildSettings = {
				BUNDLE_LOADER = "$(TEST_HOST)";
				CODE_SIGN_STYLE = Automatic;
				CURRENT_PROJECT_VERSION = 1;
				GENERATE_INFOPLIST_FILE = YES;
				MARKETING_VERSION = 1.0;
				PRODUCT_BUNDLE_IDENTIFIER = com.demo.RideCellTests;
				PRODUCT_NAME = "$(TARGET_NAME)";
				SWIFT_EMIT_LOC_STRINGS = NO;
				SWIFT_VERSION = 5.0;
				TARGETED_DEVICE_FAMILY = "1,2";
				TEST_HOST = "$(BUILT_PRODUCTS_DIR)/SixT.app/SixT";
			};
			name = Release;
		};
		81E58047283FE4E0000BC152 /* Debug */ = {
			isa = XCBuildConfiguration;
			buildSettings = {
				ALWAYS_SEARCH_USER_PATHS = NO;
				CLANG_ANALYZER_NONNULL = YES;
				CLANG_ANALYZER_NUMBER_OBJECT_CONVERSION = YES_AGGRESSIVE;
				CLANG_CXX_LANGUAGE_STANDARD = "gnu++17";
				CLANG_ENABLE_MODULES = YES;
				CLANG_ENABLE_OBJC_ARC = YES;
				CLANG_ENABLE_OBJC_WEAK = YES;
				CLANG_WARN_BLOCK_CAPTURE_AUTORELEASING = YES;
				CLANG_WARN_BOOL_CONVERSION = YES;
				CLANG_WARN_COMMA = YES;
				CLANG_WARN_CONSTANT_CONVERSION = YES;
				CLANG_WARN_DEPRECATED_OBJC_IMPLEMENTATIONS = YES;
				CLANG_WARN_DIRECT_OBJC_ISA_USAGE = YES_ERROR;
				CLANG_WARN_DOCUMENTATION_COMMENTS = YES;
				CLANG_WARN_EMPTY_BODY = YES;
				CLANG_WARN_ENUM_CONVERSION = YES;
				CLANG_WARN_INFINITE_RECURSION = YES;
				CLANG_WARN_INT_CONVERSION = YES;
				CLANG_WARN_NON_LITERAL_NULL_CONVERSION = YES;
				CLANG_WARN_OBJC_IMPLICIT_RETAIN_SELF = YES;
				CLANG_WARN_OBJC_LITERAL_CONVERSION = YES;
				CLANG_WARN_OBJC_ROOT_CLASS = YES_ERROR;
				CLANG_WARN_QUOTED_INCLUDE_IN_FRAMEWORK_HEADER = YES;
				CLANG_WARN_RANGE_LOOP_ANALYSIS = YES;
				CLANG_WARN_STRICT_PROTOTYPES = YES;
				CLANG_WARN_SUSPICIOUS_MOVE = YES;
				CLANG_WARN_UNGUARDED_AVAILABILITY = YES_AGGRESSIVE;
				CLANG_WARN_UNREACHABLE_CODE = YES;
				CLANG_WARN__DUPLICATE_METHOD_MATCH = YES;
				COPY_PHASE_STRIP = NO;
				DEBUG_INFORMATION_FORMAT = dwarf;
				ENABLE_STRICT_OBJC_MSGSEND = YES;
				ENABLE_TESTABILITY = YES;
				GCC_C_LANGUAGE_STANDARD = gnu11;
				GCC_DYNAMIC_NO_PIC = NO;
				GCC_NO_COMMON_BLOCKS = YES;
				GCC_OPTIMIZATION_LEVEL = 0;
				GCC_PREPROCESSOR_DEFINITIONS = (
					"DEBUG=1",
					"$(inherited)",
				);
				GCC_WARN_64_TO_32_BIT_CONVERSION = YES;
				GCC_WARN_ABOUT_RETURN_TYPE = YES_ERROR;
				GCC_WARN_UNDECLARED_SELECTOR = YES;
				GCC_WARN_UNINITIALIZED_AUTOS = YES_AGGRESSIVE;
				GCC_WARN_UNUSED_FUNCTION = YES;
				GCC_WARN_UNUSED_VARIABLE = YES;
				IPHONEOS_DEPLOYMENT_TARGET = 15.4;
				MTL_ENABLE_DEBUG_INFO = INCLUDE_SOURCE;
				MTL_FAST_MATH = YES;
				ONLY_ACTIVE_ARCH = YES;
				SDKROOT = iphoneos;
				SWIFT_ACTIVE_COMPILATION_CONDITIONS = DEBUG;
				SWIFT_OPTIMIZATION_LEVEL = "-Onone";
			};
			name = Debug;
		};
		81E58048283FE4E0000BC152 /* Release */ = {
			isa = XCBuildConfiguration;
			buildSettings = {
				ALWAYS_SEARCH_USER_PATHS = NO;
				CLANG_ANALYZER_NONNULL = YES;
				CLANG_ANALYZER_NUMBER_OBJECT_CONVERSION = YES_AGGRESSIVE;
				CLANG_CXX_LANGUAGE_STANDARD = "gnu++17";
				CLANG_ENABLE_MODULES = YES;
				CLANG_ENABLE_OBJC_ARC = YES;
				CLANG_ENABLE_OBJC_WEAK = YES;
				CLANG_WARN_BLOCK_CAPTURE_AUTORELEASING = YES;
				CLANG_WARN_BOOL_CONVERSION = YES;
				CLANG_WARN_COMMA = YES;
				CLANG_WARN_CONSTANT_CONVERSION = YES;
				CLANG_WARN_DEPRECATED_OBJC_IMPLEMENTATIONS = YES;
				CLANG_WARN_DIRECT_OBJC_ISA_USAGE = YES_ERROR;
				CLANG_WARN_DOCUMENTATION_COMMENTS = YES;
				CLANG_WARN_EMPTY_BODY = YES;
				CLANG_WARN_ENUM_CONVERSION = YES;
				CLANG_WARN_INFINITE_RECURSION = YES;
				CLANG_WARN_INT_CONVERSION = YES;
				CLANG_WARN_NON_LITERAL_NULL_CONVERSION = YES;
				CLANG_WARN_OBJC_IMPLICIT_RETAIN_SELF = YES;
				CLANG_WARN_OBJC_LITERAL_CONVERSION = YES;
				CLANG_WARN_OBJC_ROOT_CLASS = YES_ERROR;
				CLANG_WARN_QUOTED_INCLUDE_IN_FRAMEWORK_HEADER = YES;
				CLANG_WARN_RANGE_LOOP_ANALYSIS = YES;
				CLANG_WARN_STRICT_PROTOTYPES = YES;
				CLANG_WARN_SUSPICIOUS_MOVE = YES;
				CLANG_WARN_UNGUARDED_AVAILABILITY = YES_AGGRESSIVE;
				CLANG_WARN_UNREACHABLE_CODE = YES;
				CLANG_WARN__DUPLICATE_METHOD_MATCH = YES;
				COPY_PHASE_STRIP = NO;
				DEBUG_INFORMATION_FORMAT = "dwarf-with-dsym";
				ENABLE_NS_ASSERTIONS = NO;
				ENABLE_STRICT_OBJC_MSGSEND = YES;
				GCC_C_LANGUAGE_STANDARD = gnu11;
				GCC_NO_COMMON_BLOCKS = YES;
				GCC_WARN_64_TO_32_BIT_CONVERSION = YES;
				GCC_WARN_ABOUT_RETURN_TYPE = YES_ERROR;
				GCC_WARN_UNDECLARED_SELECTOR = YES;
				GCC_WARN_UNINITIALIZED_AUTOS = YES_AGGRESSIVE;
				GCC_WARN_UNUSED_FUNCTION = YES;
				GCC_WARN_UNUSED_VARIABLE = YES;
				IPHONEOS_DEPLOYMENT_TARGET = 15.4;
				MTL_ENABLE_DEBUG_INFO = NO;
				MTL_FAST_MATH = YES;
				SDKROOT = iphoneos;
				SWIFT_COMPILATION_MODE = wholemodule;
				SWIFT_OPTIMIZATION_LEVEL = "-O";
				VALIDATE_PRODUCT = YES;
			};
			name = Release;
		};
		81E5804A283FE4E0000BC152 /* Debug */ = {
			isa = XCBuildConfiguration;
			buildSettings = {
				ASSETCATALOG_COMPILER_APPICON_NAME = AppIcon;
				ASSETCATALOG_COMPILER_GLOBAL_ACCENT_COLOR_NAME = AccentColor;
				CODE_SIGN_STYLE = Automatic;
				CURRENT_PROJECT_VERSION = 1;
				GENERATE_INFOPLIST_FILE = YES;
				INFOPLIST_FILE = SixT/Info.plist;
				INFOPLIST_KEY_UIApplicationSupportsIndirectInputEvents = YES;
				INFOPLIST_KEY_UILaunchStoryboardName = LaunchScreen;
				INFOPLIST_KEY_UIMainStoryboardFile = LaunchScreen;
				INFOPLIST_KEY_UISupportedInterfaceOrientations_iPad = "UIInterfaceOrientationPortrait UIInterfaceOrientationPortraitUpsideDown UIInterfaceOrientationLandscapeLeft UIInterfaceOrientationLandscapeRight";
				INFOPLIST_KEY_UISupportedInterfaceOrientations_iPhone = "UIInterfaceOrientationPortrait UIInterfaceOrientationLandscapeLeft UIInterfaceOrientationLandscapeRight";
				LD_RUNPATH_SEARCH_PATHS = (
					"$(inherited)",
					"@executable_path/Frameworks",
				);
				MARKETING_VERSION = 1.0;
				PRODUCT_BUNDLE_IDENTIFIER = com.demo.RideCell;
				PRODUCT_NAME = "$(TARGET_NAME)";
				SWIFT_EMIT_LOC_STRINGS = YES;
				SWIFT_VERSION = 5.0;
				TARGETED_DEVICE_FAMILY = "1,2";
			};
			name = Debug;
		};
		81E5804B283FE4E0000BC152 /* Release */ = {
			isa = XCBuildConfiguration;
			buildSettings = {
				ASSETCATALOG_COMPILER_APPICON_NAME = AppIcon;
				ASSETCATALOG_COMPILER_GLOBAL_ACCENT_COLOR_NAME = AccentColor;
				CODE_SIGN_STYLE = Automatic;
				CURRENT_PROJECT_VERSION = 1;
				GENERATE_INFOPLIST_FILE = YES;
				INFOPLIST_FILE = SixT/Info.plist;
				INFOPLIST_KEY_UIApplicationSupportsIndirectInputEvents = YES;
				INFOPLIST_KEY_UILaunchStoryboardName = LaunchScreen;
				INFOPLIST_KEY_UIMainStoryboardFile = LaunchScreen;
				INFOPLIST_KEY_UISupportedInterfaceOrientations_iPad = "UIInterfaceOrientationPortrait UIInterfaceOrientationPortraitUpsideDown UIInterfaceOrientationLandscapeLeft UIInterfaceOrientationLandscapeRight";
				INFOPLIST_KEY_UISupportedInterfaceOrientations_iPhone = "UIInterfaceOrientationPortrait UIInterfaceOrientationLandscapeLeft UIInterfaceOrientationLandscapeRight";
				LD_RUNPATH_SEARCH_PATHS = (
					"$(inherited)",
					"@executable_path/Frameworks",
				);
				MARKETING_VERSION = 1.0;
				PRODUCT_BUNDLE_IDENTIFIER = com.demo.RideCell;
				PRODUCT_NAME = "$(TARGET_NAME)";
				SWIFT_EMIT_LOC_STRINGS = YES;
				SWIFT_VERSION = 5.0;
				TARGETED_DEVICE_FAMILY = "1,2";
			};
			name = Release;
		};
/* End XCBuildConfiguration section */

/* Begin XCConfigurationList section */
		8195BFFD284138F80049B1EF /* Build configuration list for PBXNativeTarget "SixTTests" */ = {
			isa = XCConfigurationList;
			buildConfigurations = (
				8195BFFB284138F80049B1EF /* Debug */,
				8195BFFC284138F80049B1EF /* Release */,
			);
			defaultConfigurationIsVisible = 0;
			defaultConfigurationName = Release;
		};
		81E58030283FE4DF000BC152 /* Build configuration list for PBXProject "SixT" */ = {
			isa = XCConfigurationList;
			buildConfigurations = (
				81E58047283FE4E0000BC152 /* Debug */,
				81E58048283FE4E0000BC152 /* Release */,
			);
			defaultConfigurationIsVisible = 0;
			defaultConfigurationName = Release;
		};
		81E58049283FE4E0000BC152 /* Build configuration list for PBXNativeTarget "SixT" */ = {
			isa = XCConfigurationList;
			buildConfigurations = (
				81E5804A283FE4E0000BC152 /* Debug */,
				81E5804B283FE4E0000BC152 /* Release */,
			);
			defaultConfigurationIsVisible = 0;
			defaultConfigurationName = Release;
		};
/* End XCConfigurationList section */
	};
	rootObject = 81E5802D283FE4DF000BC152 /* Project object */;
}
